
Microsoft Visual Studio Solution File, Format Version 12.00
# Visual Studio Version 16
VisualStudioVersion = 16.0.30804.86
MinimumVisualStudioVersion = 10.0.40219.1
Project("{FAE04EC0-301F-11D3-BF4B-00C04F79EFBC}") = "Config_Setting", "Config_Save\Config_Setting.csproj", "{C5C376F9-635D-4907-A776-3A8F5670935B}"
EndProject
Global
	GlobalSection(SolutionConfigurationPlatforms) = preSolution
		Debug|Any CPU = Debug|Any CPU
		Release|Any CPU = Release|Any CPU
	EndGlobalSection
	GlobalSection(ProjectConfigurationPlatforms) = postSolution
		{C5C376F9-635D-4907-A776-3A8F5670935B}.Debug|Any CPU.ActiveCfg = Debug|Any CPU
		{C5C376F9-635D-4907-A776-3A8F5670935B}.Debug|Any CPU.Build.0 = Debug|Any CPU
		{C5C376F9-635D-4907-A776-3A8F5670935B}.Release|Any CPU.ActiveCfg = Release|Any CPU
		{C5C376F9-635D-4907-A776-3A8F5670935B}.Release|Any CPU.Build.0 = Release|Any CPU
	EndGlobalSection
	GlobalSection(SolutionProperties) = preSolution
		HideSolutionNode = FALSE
	EndGlobalSection
	GlobalSection(ExtensibilityGlobals) = postSolution
		SolutionGuid = {9C0C5A0B-C2E6-44B3-BA07-A726A9F1D5BA}
	EndGlobalSection
EndGlobal
